
Microsoft Visual Studio Solution File, Format Version 12.00
# Visual Studio 2013
VisualStudioVersion = 12.0.30723.0
MinimumVisualStudioVersion = 10.0.40219.1
Project("{FAE04EC0-301F-11D3-BF4B-00C04F79EFBC}") = "Anmat.Server.Core", "Anmat.Server.Core\Anmat.Server.Core.csproj", "{454EEE7E-A504-478F-B10E-64EF78A3E870}"
EndProject
Project("{FAE04EC0-301F-11D3-BF4B-00C04F79EFBC}") = "Anmat.Server.Core.Tests", "Anmat.Server.Core.Tests\Anmat.Server.Core.Tests.csproj", "{03D155F7-760E-4002-B9F4-CD610F1F08CE}"
EndProject
Project("{FAE04EC0-301F-11D3-BF4B-00C04F79EFBC}") = "Anmat.Server.Core.IntegrationTests", "Anmat.Server.Core.IntegrationTests\Anmat.Server.Core.IntegrationTests.csproj", "{2DA01283-72A0-4B76-9CAC-88899357AA3D}"
EndProject
Global
	GlobalSection(SolutionConfigurationPlatforms) = preSolution
		Debug|Any CPU = Debug|Any CPU
		Release|Any CPU = Release|Any CPU
	EndGlobalSection
	GlobalSection(ProjectConfigurationPlatforms) = postSolution
		{454EEE7E-A504-478F-B10E-64EF78A3E870}.Debug|Any CPU.ActiveCfg = Debug|Any CPU
		{454EEE7E-A504-478F-B10E-64EF78A3E870}.Debug|Any CPU.Build.0 = Debug|Any CPU
		{454EEE7E-A504-478F-B10E-64EF78A3E870}.Release|Any CPU.ActiveCfg = Release|Any CPU
		{454EEE7E-A504-478F-B10E-64EF78A3E870}.Release|Any CPU.Build.0 = Release|Any CPU
		{03D155F7-760E-4002-B9F4-CD610F1F08CE}.Debug|Any CPU.ActiveCfg = Debug|Any CPU
		{03D155F7-760E-4002-B9F4-CD610F1F08CE}.Debug|Any CPU.Build.0 = Debug|Any CPU
		{03D155F7-760E-4002-B9F4-CD610F1F08CE}.Release|Any CPU.ActiveCfg = Release|Any CPU
		{03D155F7-760E-4002-B9F4-CD610F1F08CE}.Release|Any CPU.Build.0 = Release|Any CPU
		{2DA01283-72A0-4B76-9CAC-88899357AA3D}.Debug|Any CPU.ActiveCfg = Debug|Any CPU
		{2DA01283-72A0-4B76-9CAC-88899357AA3D}.Debug|Any CPU.Build.0 = Debug|Any CPU
		{2DA01283-72A0-4B76-9CAC-88899357AA3D}.Release|Any CPU.ActiveCfg = Release|Any CPU
		{2DA01283-72A0-4B76-9CAC-88899357AA3D}.Release|Any CPU.Build.0 = Release|Any CPU
	EndGlobalSection
	GlobalSection(SolutionProperties) = preSolution
		HideSolutionNode = FALSE
	EndGlobalSection
EndGlobal
